// !$*UTF8*$!
{
	archiveVersion = 1;
	classes = {
	};
	objectVersion = 51;
	objects = {

/* Begin PBXBuildFile section */
		3496767F8BB9CF1A9637417F /* Pods_SevTour.framework in Frameworks */ = {isa = PBXBuildFile; fileRef = D7C37E6BD9317A27CEBBF518 /* Pods_SevTour.framework */; };
		8573A49823A101B000F69499 /* Extensions+UIViewController.swift in Sources */ = {isa = PBXBuildFile; fileRef = 8573A49723A101B000F69499 /* Extensions+UIViewController.swift */; };
		8573A49B23A13B2D00F69499 /* FoursquareNetworkService.swift in Sources */ = {isa = PBXBuildFile; fileRef = 8573A49A23A13B2D00F69499 /* FoursquareNetworkService.swift */; };
		8573A49D23A13B5000F69499 /* FoursquareDataFetcher.swift in Sources */ = {isa = PBXBuildFile; fileRef = 8573A49C23A13B5000F69499 /* FoursquareDataFetcher.swift */; };
		8573A49F23A1702400F69499 /* Venue.swift in Sources */ = {isa = PBXBuildFile; fileRef = 8573A49E23A1702400F69499 /* Venue.swift */; };
		8573A4A123A1711A00F69499 /* Location.swift in Sources */ = {isa = PBXBuildFile; fileRef = 8573A4A023A1711A00F69499 /* Location.swift */; };
		8573A4A323A171A600F69499 /* Category.swift in Sources */ = {isa = PBXBuildFile; fileRef = 8573A4A223A171A600F69499 /* Category.swift */; };
		857E91AD23A2902700D49904 /* Extensions+UIView.swift in Sources */ = {isa = PBXBuildFile; fileRef = 857E91AC23A2902700D49904 /* Extensions+UIView.swift */; };
		857E91B923A2A84300D49904 /* YOLO.swift in Sources */ = {isa = PBXBuildFile; fileRef = 857E91B823A2A84300D49904 /* YOLO.swift */; };
		857E91BB23A2A85F00D49904 /* VideoCapture.swift in Sources */ = {isa = PBXBuildFile; fileRef = 857E91BA23A2A85F00D49904 /* VideoCapture.swift */; };
		857E91BD23A2A87C00D49904 /* BoundingBox.swift in Sources */ = {isa = PBXBuildFile; fileRef = 857E91BC23A2A87C00D49904 /* BoundingBox.swift */; };
		857E91BF23A2A89100D49904 /* Helpers.swift in Sources */ = {isa = PBXBuildFile; fileRef = 857E91BE23A2A89100D49904 /* Helpers.swift */; };
		857E91C223A2A8DB00D49904 /* Turf.swift in Sources */ = {isa = PBXBuildFile; fileRef = 857E91C123A2A8DB00D49904 /* Turf.swift */; };
		857E91C423A2A90000D49904 /* Extensions+CoreLocation.swift in Sources */ = {isa = PBXBuildFile; fileRef = 857E91C323A2A90000D49904 /* Extensions+CoreLocation.swift */; };
		857E91C723A2A97C00D49904 /* SCNVector3+Extensions.swift in Sources */ = {isa = PBXBuildFile; fileRef = 857E91C623A2A97C00D49904 /* SCNVector3+Extensions.swift */; };
		857E91C923A2A98F00D49904 /* SceneLocationEstimate.swift in Sources */ = {isa = PBXBuildFile; fileRef = 857E91C823A2A98F00D49904 /* SceneLocationEstimate.swift */; };
		857E91CB23A2A99D00D49904 /* SceneLocationEstimate+Extensions.swift in Sources */ = {isa = PBXBuildFile; fileRef = 857E91CA23A2A99D00D49904 /* SceneLocationEstimate+Extensions.swift */; };
		857E91CD23A2A9AB00D49904 /* FloatingPoint+Radians.swift in Sources */ = {isa = PBXBuildFile; fileRef = 857E91CC23A2A9AB00D49904 /* FloatingPoint+Radians.swift */; };
		857E91CF23A2A9BC00D49904 /* LocationNode.swift in Sources */ = {isa = PBXBuildFile; fileRef = 857E91CE23A2A9BC00D49904 /* LocationNode.swift */; };
		857E91D123A2A9CF00D49904 /* CGPoint+Extensions.swift in Sources */ = {isa = PBXBuildFile; fileRef = 857E91D023A2A9CF00D49904 /* CGPoint+Extensions.swift */; };
		857E91D323A2A9EC00D49904 /* CLLocation+Extensions.swift in Sources */ = {isa = PBXBuildFile; fileRef = 857E91D223A2A9EC00D49904 /* CLLocation+Extensions.swift */; };
		857E91D523A2A9F900D49904 /* SceneLocationView.swift in Sources */ = {isa = PBXBuildFile; fileRef = 857E91D423A2A9F900D49904 /* SceneLocationView.swift */; };
		857E91D723A2AA1100D49904 /* LocationManager.swift in Sources */ = {isa = PBXBuildFile; fileRef = 857E91D623A2AA1100D49904 /* LocationManager.swift */; };
		857E91D923A2AA2300D49904 /* SCNNode+Extensions.swift in Sources */ = {isa = PBXBuildFile; fileRef = 857E91D823A2AA2300D49904 /* SCNNode+Extensions.swift */; };
		857E91DB23A2AE4400D49904 /* SearchTableViewController.swift in Sources */ = {isa = PBXBuildFile; fileRef = 857E91DA23A2AE4400D49904 /* SearchTableViewController.swift */; };
		857E91DD23A2AE7100D49904 /* ARViewController.swift in Sources */ = {isa = PBXBuildFile; fileRef = 857E91DC23A2AE7100D49904 /* ARViewController.swift */; };
		857E91DF23A2AE8600D49904 /* DetectionViewController.swift in Sources */ = {isa = PBXBuildFile; fileRef = 857E91DE23A2AE8600D49904 /* DetectionViewController.swift */; };
		857E91E123A2B4D400D49904 /* AmpelPilot_2812rg.mlmodel in Sources */ = {isa = PBXBuildFile; fileRef = 857E91E023A2B4D400D49904 /* AmpelPilot_2812rg.mlmodel */; };
		857E91E323A2B56000D49904 /* MapProtocol.swift in Sources */ = {isa = PBXBuildFile; fileRef = 857E91E223A2B56000D49904 /* MapProtocol.swift */; };
		857E91E523A2B65A00D49904 /* MapVC.storyboard in Resources */ = {isa = PBXBuildFile; fileRef = 857E91E423A2B65A00D49904 /* MapVC.storyboard */; };
		85F3A973239EBE49006FE8EB /* AppDelegate.swift in Sources */ = {isa = PBXBuildFile; fileRef = 85F3A972239EBE49006FE8EB /* AppDelegate.swift */; };
		85F3A975239EBE49006FE8EB /* SceneDelegate.swift in Sources */ = {isa = PBXBuildFile; fileRef = 85F3A974239EBE49006FE8EB /* SceneDelegate.swift */; };
		85F3A97D239EBE49006FE8EB /* SevTour.xcdatamodeld in Sources */ = {isa = PBXBuildFile; fileRef = 85F3A97B239EBE49006FE8EB /* SevTour.xcdatamodeld */; };
		85F3A97F239EBE4B006FE8EB /* Assets.xcassets in Resources */ = {isa = PBXBuildFile; fileRef = 85F3A97E239EBE4B006FE8EB /* Assets.xcassets */; };
		85F3A982239EBE4B006FE8EB /* LaunchScreen.storyboard in Resources */ = {isa = PBXBuildFile; fileRef = 85F3A980239EBE4B006FE8EB /* LaunchScreen.storyboard */; };
		85F3A98D239EBE4B006FE8EB /* SevTourTests.swift in Sources */ = {isa = PBXBuildFile; fileRef = 85F3A98C239EBE4B006FE8EB /* SevTourTests.swift */; };
		85F3A998239EBF2B006FE8EB /* MainTabBarController.swift in Sources */ = {isa = PBXBuildFile; fileRef = 85F3A997239EBF2B006FE8EB /* MainTabBarController.swift */; };
		85F3A99C239EBFC3006FE8EB /* MapVC.swift in Sources */ = {isa = PBXBuildFile; fileRef = 85F3A99B239EBFC3006FE8EB /* MapVC.swift */; };
		85F3A99E239EBFD7006FE8EB /* CameraVC.swift in Sources */ = {isa = PBXBuildFile; fileRef = 85F3A99D239EBFD7006FE8EB /* CameraVC.swift */; };
		85F3A9A6239EC0FC006FE8EB /* AboutCityVC.swift in Sources */ = {isa = PBXBuildFile; fileRef = 85F3A9A5239EC0FC006FE8EB /* AboutCityVC.swift */; };
		85F3A9A8239EC10F006FE8EB /* FavouritesVC.swift in Sources */ = {isa = PBXBuildFile; fileRef = 85F3A9A7239EC10F006FE8EB /* FavouritesVC.swift */; };
		85F3A9AA239F8287006FE8EB /* ListVC.swift in Sources */ = {isa = PBXBuildFile; fileRef = 85F3A9A9239F8287006FE8EB /* ListVC.swift */; };
		85FF02A023A0EA8A00AB5293 /* TourVC.swift in Sources */ = {isa = PBXBuildFile; fileRef = 85FF029E23A0EA8A00AB5293 /* TourVC.swift */; };
		85FF02A123A0EA8A00AB5293 /* TourVC.xib in Resources */ = {isa = PBXBuildFile; fileRef = 85FF029F23A0EA8A00AB5293 /* TourVC.xib */; };
		85FF02A323A0EA9A00AB5293 /* Camera.xib in Resources */ = {isa = PBXBuildFile; fileRef = 85FF02A223A0EA9A00AB5293 /* Camera.xib */; };
		85FF02A523A0EAB000AB5293 /* AboutCity.xib in Resources */ = {isa = PBXBuildFile; fileRef = 85FF02A423A0EAB000AB5293 /* AboutCity.xib */; };
		A18141D902C8A899F3B65323 /* Pods_SevTourTests.framework in Frameworks */ = {isa = PBXBuildFile; fileRef = 4C383C613C0A9428209F5249 /* Pods_SevTourTests.framework */; };
/* End PBXBuildFile section */

/* Begin PBXContainerItemProxy section */
		85F3A989239EBE4B006FE8EB /* PBXContainerItemProxy */ = {
			isa = PBXContainerItemProxy;
			containerPortal = 85F3A967239EBE49006FE8EB /* Project object */;
			proxyType = 1;
			remoteGlobalIDString = 85F3A96E239EBE49006FE8EB;
			remoteInfo = SevTour;
		};
/* End PBXContainerItemProxy section */

/* Begin PBXFileReference section */
		47F9D3B376DBAC9824AF5A74 /* Pods-SevTourTests.release.xcconfig */ = {isa = PBXFileReference; includeInIndex = 1; lastKnownFileType = text.xcconfig; name = "Pods-SevTourTests.release.xcconfig"; path = "Target Support Files/Pods-SevTourTests/Pods-SevTourTests.release.xcconfig"; sourceTree = "<group>"; };
		4C383C613C0A9428209F5249 /* Pods_SevTourTests.framework */ = {isa = PBXFileReference; explicitFileType = wrapper.framework; includeInIndex = 0; path = Pods_SevTourTests.framework; sourceTree = BUILT_PRODUCTS_DIR; };
		5C260C7C0BF363020D186246 /* Pods-SevTourTests.debug.xcconfig */ = {isa = PBXFileReference; includeInIndex = 1; lastKnownFileType = text.xcconfig; name = "Pods-SevTourTests.debug.xcconfig"; path = "Target Support Files/Pods-SevTourTests/Pods-SevTourTests.debug.xcconfig"; sourceTree = "<group>"; };
		8573A49723A101B000F69499 /* Extensions+UIViewController.swift */ = {isa = PBXFileReference; lastKnownFileType = sourcecode.swift; path = "Extensions+UIViewController.swift"; sourceTree = "<group>"; };
		8573A49A23A13B2D00F69499 /* FoursquareNetworkService.swift */ = {isa = PBXFileReference; lastKnownFileType = sourcecode.swift; path = FoursquareNetworkService.swift; sourceTree = "<group>"; };
		8573A49C23A13B5000F69499 /* FoursquareDataFetcher.swift */ = {isa = PBXFileReference; lastKnownFileType = sourcecode.swift; path = FoursquareDataFetcher.swift; sourceTree = "<group>"; };
		8573A49E23A1702400F69499 /* Venue.swift */ = {isa = PBXFileReference; lastKnownFileType = sourcecode.swift; path = Venue.swift; sourceTree = "<group>"; };
		8573A4A023A1711A00F69499 /* Location.swift */ = {isa = PBXFileReference; lastKnownFileType = sourcecode.swift; path = Location.swift; sourceTree = "<group>"; };
		8573A4A223A171A600F69499 /* Category.swift */ = {isa = PBXFileReference; lastKnownFileType = sourcecode.swift; path = Category.swift; sourceTree = "<group>"; };
		857E91AC23A2902700D49904 /* Extensions+UIView.swift */ = {isa = PBXFileReference; lastKnownFileType = sourcecode.swift; path = "Extensions+UIView.swift"; sourceTree = "<group>"; };
		857E91B823A2A84300D49904 /* YOLO.swift */ = {isa = PBXFileReference; lastKnownFileType = sourcecode.swift; path = YOLO.swift; sourceTree = "<group>"; };
		857E91BA23A2A85F00D49904 /* VideoCapture.swift */ = {isa = PBXFileReference; lastKnownFileType = sourcecode.swift; path = VideoCapture.swift; sourceTree = "<group>"; };
		857E91BC23A2A87C00D49904 /* BoundingBox.swift */ = {isa = PBXFileReference; lastKnownFileType = sourcecode.swift; path = BoundingBox.swift; sourceTree = "<group>"; };
		857E91BE23A2A89100D49904 /* Helpers.swift */ = {isa = PBXFileReference; lastKnownFileType = sourcecode.swift; path = Helpers.swift; sourceTree = "<group>"; };
		857E91C123A2A8DB00D49904 /* Turf.swift */ = {isa = PBXFileReference; lastKnownFileType = sourcecode.swift; path = Turf.swift; sourceTree = "<group>"; };
		857E91C323A2A90000D49904 /* Extensions+CoreLocation.swift */ = {isa = PBXFileReference; lastKnownFileType = sourcecode.swift; path = "Extensions+CoreLocation.swift"; sourceTree = "<group>"; };
		857E91C623A2A97C00D49904 /* SCNVector3+Extensions.swift */ = {isa = PBXFileReference; lastKnownFileType = sourcecode.swift; path = "SCNVector3+Extensions.swift"; sourceTree = "<group>"; };
		857E91C823A2A98F00D49904 /* SceneLocationEstimate.swift */ = {isa = PBXFileReference; lastKnownFileType = sourcecode.swift; path = SceneLocationEstimate.swift; sourceTree = "<group>"; };
		857E91CA23A2A99D00D49904 /* SceneLocationEstimate+Extensions.swift */ = {isa = PBXFileReference; lastKnownFileType = sourcecode.swift; path = "SceneLocationEstimate+Extensions.swift"; sourceTree = "<group>"; };
		857E91CC23A2A9AB00D49904 /* FloatingPoint+Radians.swift */ = {isa = PBXFileReference; lastKnownFileType = sourcecode.swift; path = "FloatingPoint+Radians.swift"; sourceTree = "<group>"; };
		857E91CE23A2A9BC00D49904 /* LocationNode.swift */ = {isa = PBXFileReference; lastKnownFileType = sourcecode.swift; path = LocationNode.swift; sourceTree = "<group>"; };
		857E91D023A2A9CF00D49904 /* CGPoint+Extensions.swift */ = {isa = PBXFileReference; lastKnownFileType = sourcecode.swift; path = "CGPoint+Extensions.swift"; sourceTree = "<group>"; };
		857E91D223A2A9EC00D49904 /* CLLocation+Extensions.swift */ = {isa = PBXFileReference; lastKnownFileType = sourcecode.swift; path = "CLLocation+Extensions.swift"; sourceTree = "<group>"; };
		857E91D423A2A9F900D49904 /* SceneLocationView.swift */ = {isa = PBXFileReference; lastKnownFileType = sourcecode.swift; path = SceneLocationView.swift; sourceTree = "<group>"; };
		857E91D623A2AA1100D49904 /* LocationManager.swift */ = {isa = PBXFileReference; lastKnownFileType = sourcecode.swift; path = LocationManager.swift; sourceTree = "<group>"; };
		857E91D823A2AA2300D49904 /* SCNNode+Extensions.swift */ = {isa = PBXFileReference; lastKnownFileType = sourcecode.swift; path = "SCNNode+Extensions.swift"; sourceTree = "<group>"; };
		857E91DA23A2AE4400D49904 /* SearchTableViewController.swift */ = {isa = PBXFileReference; lastKnownFileType = sourcecode.swift; path = SearchTableViewController.swift; sourceTree = "<group>"; };
		857E91DC23A2AE7100D49904 /* ARViewController.swift */ = {isa = PBXFileReference; lastKnownFileType = sourcecode.swift; path = ARViewController.swift; sourceTree = "<group>"; };
		857E91DE23A2AE8600D49904 /* DetectionViewController.swift */ = {isa = PBXFileReference; lastKnownFileType = sourcecode.swift; path = DetectionViewController.swift; sourceTree = "<group>"; };
		857E91E023A2B4D400D49904 /* AmpelPilot_2812rg.mlmodel */ = {isa = PBXFileReference; lastKnownFileType = file.mlmodel; path = AmpelPilot_2812rg.mlmodel; sourceTree = "<group>"; };
		857E91E223A2B56000D49904 /* MapProtocol.swift */ = {isa = PBXFileReference; lastKnownFileType = sourcecode.swift; path = MapProtocol.swift; sourceTree = "<group>"; };
		857E91E423A2B65A00D49904 /* MapVC.storyboard */ = {isa = PBXFileReference; lastKnownFileType = file.storyboard; path = MapVC.storyboard; sourceTree = "<group>"; };
		85F3A96F239EBE49006FE8EB /* SevTour.app */ = {isa = PBXFileReference; explicitFileType = wrapper.application; includeInIndex = 0; path = SevTour.app; sourceTree = BUILT_PRODUCTS_DIR; };
		85F3A972239EBE49006FE8EB /* AppDelegate.swift */ = {isa = PBXFileReference; lastKnownFileType = sourcecode.swift; path = AppDelegate.swift; sourceTree = "<group>"; };
		85F3A974239EBE49006FE8EB /* SceneDelegate.swift */ = {isa = PBXFileReference; lastKnownFileType = sourcecode.swift; path = SceneDelegate.swift; sourceTree = "<group>"; };
		85F3A97C239EBE49006FE8EB /* SevTour.xcdatamodel */ = {isa = PBXFileReference; lastKnownFileType = wrapper.xcdatamodel; path = SevTour.xcdatamodel; sourceTree = "<group>"; };
		85F3A97E239EBE4B006FE8EB /* Assets.xcassets */ = {isa = PBXFileReference; lastKnownFileType = folder.assetcatalog; path = Assets.xcassets; sourceTree = "<group>"; };
		85F3A981239EBE4B006FE8EB /* Base */ = {isa = PBXFileReference; lastKnownFileType = file.storyboard; name = Base; path = Base.lproj/LaunchScreen.storyboard; sourceTree = "<group>"; };
		85F3A983239EBE4B006FE8EB /* Info.plist */ = {isa = PBXFileReference; lastKnownFileType = text.plist.xml; path = Info.plist; sourceTree = "<group>"; };
		85F3A988239EBE4B006FE8EB /* SevTourTests.xctest */ = {isa = PBXFileReference; explicitFileType = wrapper.cfbundle; includeInIndex = 0; path = SevTourTests.xctest; sourceTree = BUILT_PRODUCTS_DIR; };
		85F3A98C239EBE4B006FE8EB /* SevTourTests.swift */ = {isa = PBXFileReference; lastKnownFileType = sourcecode.swift; path = SevTourTests.swift; sourceTree = "<group>"; };
		85F3A98E239EBE4B006FE8EB /* Info.plist */ = {isa = PBXFileReference; lastKnownFileType = text.plist.xml; path = Info.plist; sourceTree = "<group>"; };
		85F3A997239EBF2B006FE8EB /* MainTabBarController.swift */ = {isa = PBXFileReference; lastKnownFileType = sourcecode.swift; path = MainTabBarController.swift; sourceTree = "<group>"; };
		85F3A99B239EBFC3006FE8EB /* MapVC.swift */ = {isa = PBXFileReference; lastKnownFileType = sourcecode.swift; path = MapVC.swift; sourceTree = "<group>"; };
		85F3A99D239EBFD7006FE8EB /* CameraVC.swift */ = {isa = PBXFileReference; lastKnownFileType = sourcecode.swift; path = CameraVC.swift; sourceTree = "<group>"; };
		85F3A9A5239EC0FC006FE8EB /* AboutCityVC.swift */ = {isa = PBXFileReference; lastKnownFileType = sourcecode.swift; path = AboutCityVC.swift; sourceTree = "<group>"; };
		85F3A9A7239EC10F006FE8EB /* FavouritesVC.swift */ = {isa = PBXFileReference; lastKnownFileType = sourcecode.swift; path = FavouritesVC.swift; sourceTree = "<group>"; };
		85F3A9A9239F8287006FE8EB /* ListVC.swift */ = {isa = PBXFileReference; lastKnownFileType = sourcecode.swift; path = ListVC.swift; sourceTree = "<group>"; };
		85FF029E23A0EA8A00AB5293 /* TourVC.swift */ = {isa = PBXFileReference; lastKnownFileType = sourcecode.swift; path = TourVC.swift; sourceTree = "<group>"; };
		85FF029F23A0EA8A00AB5293 /* TourVC.xib */ = {isa = PBXFileReference; lastKnownFileType = file.xib; path = TourVC.xib; sourceTree = "<group>"; };
		85FF02A223A0EA9A00AB5293 /* Camera.xib */ = {isa = PBXFileReference; lastKnownFileType = file.xib; path = Camera.xib; sourceTree = "<group>"; };
		85FF02A423A0EAB000AB5293 /* AboutCity.xib */ = {isa = PBXFileReference; lastKnownFileType = file.xib; path = AboutCity.xib; sourceTree = "<group>"; };
		AEAC68E1386D8BC788C41749 /* Pods-SevTour.release.xcconfig */ = {isa = PBXFileReference; includeInIndex = 1; lastKnownFileType = text.xcconfig; name = "Pods-SevTour.release.xcconfig"; path = "Target Support Files/Pods-SevTour/Pods-SevTour.release.xcconfig"; sourceTree = "<group>"; };
		C8D1CEB216C52A99A3FA2260 /* Pods-SevTour.debug.xcconfig */ = {isa = PBXFileReference; includeInIndex = 1; lastKnownFileType = text.xcconfig; name = "Pods-SevTour.debug.xcconfig"; path = "Target Support Files/Pods-SevTour/Pods-SevTour.debug.xcconfig"; sourceTree = "<group>"; };
		D7C37E6BD9317A27CEBBF518 /* Pods_SevTour.framework */ = {isa = PBXFileReference; explicitFileType = wrapper.framework; includeInIndex = 0; path = Pods_SevTour.framework; sourceTree = BUILT_PRODUCTS_DIR; };
/* End PBXFileReference section */

/* Begin PBXFrameworksBuildPhase section */
		85F3A96C239EBE49006FE8EB /* Frameworks */ = {
			isa = PBXFrameworksBuildPhase;
			buildActionMask = 2147483647;
			files = (
				3496767F8BB9CF1A9637417F /* Pods_SevTour.framework in Frameworks */,
			);
			runOnlyForDeploymentPostprocessing = 0;
		};
		85F3A985239EBE4B006FE8EB /* Frameworks */ = {
			isa = PBXFrameworksBuildPhase;
			buildActionMask = 2147483647;
			files = (
				A18141D902C8A899F3B65323 /* Pods_SevTourTests.framework in Frameworks */,
			);
			runOnlyForDeploymentPostprocessing = 0;
		};
/* End PBXFrameworksBuildPhase section */

/* Begin PBXGroup section */
		8573A49623A1006000F69499 /* Services */ = {
			isa = PBXGroup;
			children = (
				857E91C523A2A96D00D49904 /* ARCL */,
				857E91C023A2A8A900D49904 /* Turf */,
				857E91B723A2A82000D49904 /* AR */,
				857E91B623A2A81700D49904 /* Network */,
			);
			path = Services;
			sourceTree = "<group>";
		};
		8573A49923A1128D00F69499 /* Models */ = {
			isa = PBXGroup;
			children = (
				8573A49E23A1702400F69499 /* Venue.swift */,
				8573A4A023A1711A00F69499 /* Location.swift */,
				8573A4A223A171A600F69499 /* Category.swift */,
			);
			path = Models;
			sourceTree = "<group>";
		};
		8573A4A423A2259700F69499 /* FoursquareAPI */ = {
			isa = PBXGroup;
			children = (
				8573A49923A1128D00F69499 /* Models */,
				8573A49C23A13B5000F69499 /* FoursquareDataFetcher.swift */,
				8573A49A23A13B2D00F69499 /* FoursquareNetworkService.swift */,
			);
			path = FoursquareAPI;
			sourceTree = "<group>";
		};
		8573A4A523A225BD00F69499 /* OpenDataAPI */ = {
			isa = PBXGroup;
			children = (
			);
			path = OpenDataAPI;
			sourceTree = "<group>";
		};
		8573A4A623A225C800F69499 /* izi.TravelAPI */ = {
			isa = PBXGroup;
			children = (
			);
			path = izi.TravelAPI;
			sourceTree = "<group>";
		};
		857E91B623A2A81700D49904 /* Network */ = {
			isa = PBXGroup;
			children = (
				8573A4A623A225C800F69499 /* izi.TravelAPI */,
				8573A4A523A225BD00F69499 /* OpenDataAPI */,
				8573A4A423A2259700F69499 /* FoursquareAPI */,
			);
			path = Network;
			sourceTree = "<group>";
		};
		857E91B723A2A82000D49904 /* AR */ = {
			isa = PBXGroup;
			children = (
				857E91B823A2A84300D49904 /* YOLO.swift */,
				857E91BA23A2A85F00D49904 /* VideoCapture.swift */,
				857E91BC23A2A87C00D49904 /* BoundingBox.swift */,
				857E91BE23A2A89100D49904 /* Helpers.swift */,
			);
			path = AR;
			sourceTree = "<group>";
		};
		857E91C023A2A8A900D49904 /* Turf */ = {
			isa = PBXGroup;
			children = (
				857E91C123A2A8DB00D49904 /* Turf.swift */,
			);
			path = Turf;
			sourceTree = "<group>";
		};
		857E91C523A2A96D00D49904 /* ARCL */ = {
			isa = PBXGroup;
			children = (
				857E91C623A2A97C00D49904 /* SCNVector3+Extensions.swift */,
				857E91C823A2A98F00D49904 /* SceneLocationEstimate.swift */,
				857E91CA23A2A99D00D49904 /* SceneLocationEstimate+Extensions.swift */,
				857E91CC23A2A9AB00D49904 /* FloatingPoint+Radians.swift */,
				857E91CE23A2A9BC00D49904 /* LocationNode.swift */,
				857E91D023A2A9CF00D49904 /* CGPoint+Extensions.swift */,
				857E91D223A2A9EC00D49904 /* CLLocation+Extensions.swift */,
				857E91D423A2A9F900D49904 /* SceneLocationView.swift */,
				857E91D623A2AA1100D49904 /* LocationManager.swift */,
				857E91D823A2AA2300D49904 /* SCNNode+Extensions.swift */,
			);
			path = ARCL;
			sourceTree = "<group>";
		};
		85F3A966239EBE49006FE8EB = {
			isa = PBXGroup;
			children = (
				85F3A971239EBE49006FE8EB /* SevTour */,
				85F3A98B239EBE4B006FE8EB /* SevTourTests */,
				85F3A970239EBE49006FE8EB /* Products */,
				C64091075486824C3DD49059 /* Pods */,
				F6EBC77009BA87571E589BB8 /* Frameworks */,
			);
			sourceTree = "<group>";
		};
		85F3A970239EBE49006FE8EB /* Products */ = {
			isa = PBXGroup;
			children = (
				85F3A96F239EBE49006FE8EB /* SevTour.app */,
				85F3A988239EBE4B006FE8EB /* SevTourTests.xctest */,
			);
			name = Products;
			sourceTree = "<group>";
		};
		85F3A971239EBE49006FE8EB /* SevTour */ = {
			isa = PBXGroup;
			children = (
				85F3A9B7239FB9B9006FE8EB /* Extensions */,
				85F3A9B6239FB759006FE8EB /* Protocols */,
				8573A49623A1006000F69499 /* Services */,
				85F3A9AD239FA9E6006FE8EB /* Screens */,
				85F3A9B5239FB719006FE8EB /* Custom Views */,
				85F3A9AB239FA63D006FE8EB /* Resources */,
				85F3A997239EBF2B006FE8EB /* MainTabBarController.swift */,
			);
			path = SevTour;
			sourceTree = "<group>";
		};
		85F3A98B239EBE4B006FE8EB /* SevTourTests */ = {
			isa = PBXGroup;
			children = (
				85F3A98C239EBE4B006FE8EB /* SevTourTests.swift */,
				85F3A98E239EBE4B006FE8EB /* Info.plist */,
			);
			path = SevTourTests;
			sourceTree = "<group>";
		};
		85F3A9AB239FA63D006FE8EB /* Resources */ = {
			isa = PBXGroup;
			children = (
				85F3A972239EBE49006FE8EB /* AppDelegate.swift */,
				85F3A974239EBE49006FE8EB /* SceneDelegate.swift */,
				85F3A97E239EBE4B006FE8EB /* Assets.xcassets */,
				85F3A980239EBE4B006FE8EB /* LaunchScreen.storyboard */,
				85F3A983239EBE4B006FE8EB /* Info.plist */,
				85F3A97B239EBE49006FE8EB /* SevTour.xcdatamodeld */,
				857E91E023A2B4D400D49904 /* AmpelPilot_2812rg.mlmodel */,
			);
			path = Resources;
			sourceTree = "<group>";
		};
		85F3A9AC239FA6F1006FE8EB /* AboutCity Screen */ = {
			isa = PBXGroup;
			children = (
				85F3A9A5239EC0FC006FE8EB /* AboutCityVC.swift */,
				85FF02A423A0EAB000AB5293 /* AboutCity.xib */,
			);
			path = "AboutCity Screen";
			sourceTree = "<group>";
		};
		85F3A9AD239FA9E6006FE8EB /* Screens */ = {
			isa = PBXGroup;
			children = (
				85FF029B23A0EA4400AB5293 /* Tours Screen */,
				85FF029A23A0EA0F00AB5293 /* Settings Screen */,
				85F3A9B2239FB4C2006FE8EB /* Map Screen */,
				85F3A9B1239FB4AC006FE8EB /* Camera Screen */,
				85F3A9B3239FB4D7006FE8EB /* Favourites Screen */,
				85F3A9B4239FB4E5006FE8EB /* List Screen */,
				85F3A9AC239FA6F1006FE8EB /* AboutCity Screen */,
			);
			path = Screens;
			sourceTree = "<group>";
		};
		85F3A9B1239FB4AC006FE8EB /* Camera Screen */ = {
			isa = PBXGroup;
			children = (
				85F3A99D239EBFD7006FE8EB /* CameraVC.swift */,
				85FF02A223A0EA9A00AB5293 /* Camera.xib */,
			);
			path = "Camera Screen";
			sourceTree = "<group>";
		};
		85F3A9B2239FB4C2006FE8EB /* Map Screen */ = {
			isa = PBXGroup;
			children = (
				85F3A99B239EBFC3006FE8EB /* MapVC.swift */,
				857E91DA23A2AE4400D49904 /* SearchTableViewController.swift */,
				857E91DC23A2AE7100D49904 /* ARViewController.swift */,
				857E91DE23A2AE8600D49904 /* DetectionViewController.swift */,
				857E91E423A2B65A00D49904 /* MapVC.storyboard */,
			);
			path = "Map Screen";
			sourceTree = "<group>";
		};
		85F3A9B3239FB4D7006FE8EB /* Favourites Screen */ = {
			isa = PBXGroup;
			children = (
				85F3A9A7239EC10F006FE8EB /* FavouritesVC.swift */,
			);
			path = "Favourites Screen";
			sourceTree = "<group>";
		};
		85F3A9B4239FB4E5006FE8EB /* List Screen */ = {
			isa = PBXGroup;
			children = (
				85F3A9A9239F8287006FE8EB /* ListVC.swift */,
			);
			path = "List Screen";
			sourceTree = "<group>";
		};
		85F3A9B5239FB719006FE8EB /* Custom Views */ = {
			isa = PBXGroup;
			children = (
			);
			path = "Custom Views";
			sourceTree = "<group>";
		};
		85F3A9B6239FB759006FE8EB /* Protocols */ = {
			isa = PBXGroup;
			children = (
				857E91E223A2B56000D49904 /* MapProtocol.swift */,
			);
			path = Protocols;
			sourceTree = "<group>";
		};
		85F3A9B7239FB9B9006FE8EB /* Extensions */ = {
			isa = PBXGroup;
			children = (
				8573A49723A101B000F69499 /* Extensions+UIViewController.swift */,
				857E91AC23A2902700D49904 /* Extensions+UIView.swift */,
				857E91C323A2A90000D49904 /* Extensions+CoreLocation.swift */,
			);
			path = Extensions;
			sourceTree = "<group>";
		};
		85FF029A23A0EA0F00AB5293 /* Settings Screen */ = {
			isa = PBXGroup;
			children = (
			);
			path = "Settings Screen";
			sourceTree = "<group>";
		};
		85FF029B23A0EA4400AB5293 /* Tours Screen */ = {
			isa = PBXGroup;
			children = (
				85FF029E23A0EA8A00AB5293 /* TourVC.swift */,
				85FF029F23A0EA8A00AB5293 /* TourVC.xib */,
			);
			path = "Tours Screen";
			sourceTree = "<group>";
		};
		C64091075486824C3DD49059 /* Pods */ = {
			isa = PBXGroup;
			children = (
				C8D1CEB216C52A99A3FA2260 /* Pods-SevTour.debug.xcconfig */,
				AEAC68E1386D8BC788C41749 /* Pods-SevTour.release.xcconfig */,
				5C260C7C0BF363020D186246 /* Pods-SevTourTests.debug.xcconfig */,
				47F9D3B376DBAC9824AF5A74 /* Pods-SevTourTests.release.xcconfig */,
			);
			path = Pods;
			sourceTree = "<group>";
		};
		F6EBC77009BA87571E589BB8 /* Frameworks */ = {
			isa = PBXGroup;
			children = (
				D7C37E6BD9317A27CEBBF518 /* Pods_SevTour.framework */,
				4C383C613C0A9428209F5249 /* Pods_SevTourTests.framework */,
			);
			name = Frameworks;
			sourceTree = "<group>";
		};
/* End PBXGroup section */

/* Begin PBXNativeTarget section */
		85F3A96E239EBE49006FE8EB /* SevTour */ = {
			isa = PBXNativeTarget;
			buildConfigurationList = 85F3A991239EBE4B006FE8EB /* Build configuration list for PBXNativeTarget "SevTour" */;
			buildPhases = (
				144B4AB7A9986AEC48F8230E /* [CP] Check Pods Manifest.lock */,
				85F3A96B239EBE49006FE8EB /* Sources */,
				85F3A96C239EBE49006FE8EB /* Frameworks */,
				85F3A96D239EBE49006FE8EB /* Resources */,
				CD5B694137C75ED1DB46410B /* [CP] Copy Pods Resources */,
			);
			buildRules = (
			);
			dependencies = (
			);
			name = SevTour;
			productName = SevTour;
			productReference = 85F3A96F239EBE49006FE8EB /* SevTour.app */;
			productType = "com.apple.product-type.application";
		};
		85F3A987239EBE4B006FE8EB /* SevTourTests */ = {
			isa = PBXNativeTarget;
			buildConfigurationList = 85F3A994239EBE4B006FE8EB /* Build configuration list for PBXNativeTarget "SevTourTests" */;
			buildPhases = (
				8DA4FDA80686CFCFFDFD2664 /* [CP] Check Pods Manifest.lock */,
				85F3A984239EBE4B006FE8EB /* Sources */,
				85F3A985239EBE4B006FE8EB /* Frameworks */,
				85F3A986239EBE4B006FE8EB /* Resources */,
			);
			buildRules = (
			);
			dependencies = (
				85F3A98A239EBE4B006FE8EB /* PBXTargetDependency */,
			);
			name = SevTourTests;
			productName = SevTourTests;
			productReference = 85F3A988239EBE4B006FE8EB /* SevTourTests.xctest */;
			productType = "com.apple.product-type.bundle.unit-test";
		};
/* End PBXNativeTarget section */

/* Begin PBXProject section */
		85F3A967239EBE49006FE8EB /* Project object */ = {
			isa = PBXProject;
			attributes = {
				LastSwiftUpdateCheck = 1120;
				LastUpgradeCheck = 1120;
				ORGANIZATIONNAME = "Stanislav Povolotskiy";
				TargetAttributes = {
					85F3A96E239EBE49006FE8EB = {
						CreatedOnToolsVersion = 11.2.1;
					};
					85F3A987239EBE4B006FE8EB = {
						CreatedOnToolsVersion = 11.2.1;
						TestTargetID = 85F3A96E239EBE49006FE8EB;
					};
				};
			};
			buildConfigurationList = 85F3A96A239EBE49006FE8EB /* Build configuration list for PBXProject "SevTour" */;
			compatibilityVersion = "Xcode 9.3";
			developmentRegion = en;
			hasScannedForEncodings = 0;
			knownRegions = (
				en,
				Base,
			);
			mainGroup = 85F3A966239EBE49006FE8EB;
			productRefGroup = 85F3A970239EBE49006FE8EB /* Products */;
			projectDirPath = "";
			projectRoot = "";
			targets = (
				85F3A96E239EBE49006FE8EB /* SevTour */,
				85F3A987239EBE4B006FE8EB /* SevTourTests */,
			);
		};
/* End PBXProject section */

/* Begin PBXResourcesBuildPhase section */
		85F3A96D239EBE49006FE8EB /* Resources */ = {
			isa = PBXResourcesBuildPhase;
			buildActionMask = 2147483647;
			files = (
				85FF02A523A0EAB000AB5293 /* AboutCity.xib in Resources */,
				85F3A982239EBE4B006FE8EB /* LaunchScreen.storyboard in Resources */,
				857E91E523A2B65A00D49904 /* MapVC.storyboard in Resources */,
				85FF02A323A0EA9A00AB5293 /* Camera.xib in Resources */,
				85FF02A123A0EA8A00AB5293 /* TourVC.xib in Resources */,
				85F3A97F239EBE4B006FE8EB /* Assets.xcassets in Resources */,
			);
			runOnlyForDeploymentPostprocessing = 0;
		};
		85F3A986239EBE4B006FE8EB /* Resources */ = {
			isa = PBXResourcesBuildPhase;
			buildActionMask = 2147483647;
			files = (
			);
			runOnlyForDeploymentPostprocessing = 0;
		};
/* End PBXResourcesBuildPhase section */

/* Begin PBXShellScriptBuildPhase section */
		144B4AB7A9986AEC48F8230E /* [CP] Check Pods Manifest.lock */ = {
			isa = PBXShellScriptBuildPhase;
			buildActionMask = 2147483647;
			files = (
			);
			inputFileListPaths = (
			);
			inputPaths = (
				"${PODS_PODFILE_DIR_PATH}/Podfile.lock",
				"${PODS_ROOT}/Manifest.lock",
			);
			name = "[CP] Check Pods Manifest.lock";
			outputFileListPaths = (
			);
			outputPaths = (
				"$(DERIVED_FILE_DIR)/Pods-SevTour-checkManifestLockResult.txt",
			);
			runOnlyForDeploymentPostprocessing = 0;
			shellPath = /bin/sh;
			shellScript = "diff \"${PODS_PODFILE_DIR_PATH}/Podfile.lock\" \"${PODS_ROOT}/Manifest.lock\" > /dev/null\nif [ $? != 0 ] ; then\n    # print error to STDERR\n    echo \"error: The sandbox is not in sync with the Podfile.lock. Run 'pod install' or update your CocoaPods installation.\" >&2\n    exit 1\nfi\n# This output is used by Xcode 'outputs' to avoid re-running this script phase.\necho \"SUCCESS\" > \"${SCRIPT_OUTPUT_FILE_0}\"\n";
			showEnvVarsInLog = 0;
		};
		8DA4FDA80686CFCFFDFD2664 /* [CP] Check Pods Manifest.lock */ = {
			isa = PBXShellScriptBuildPhase;
			buildActionMask = 2147483647;
			files = (
			);
			inputFileListPaths = (
			);
			inputPaths = (
				"${PODS_PODFILE_DIR_PATH}/Podfile.lock",
				"${PODS_ROOT}/Manifest.lock",
			);
			name = "[CP] Check Pods Manifest.lock";
			outputFileListPaths = (
			);
			outputPaths = (
				"$(DERIVED_FILE_DIR)/Pods-SevTourTests-checkManifestLockResult.txt",
			);
			runOnlyForDeploymentPostprocessing = 0;
			shellPath = /bin/sh;
			shellScript = "diff \"${PODS_PODFILE_DIR_PATH}/Podfile.lock\" \"${PODS_ROOT}/Manifest.lock\" > /dev/null\nif [ $? != 0 ] ; then\n    # print error to STDERR\n    echo \"error: The sandbox is not in sync with the Podfile.lock. Run 'pod install' or update your CocoaPods installation.\" >&2\n    exit 1\nfi\n# This output is used by Xcode 'outputs' to avoid re-running this script phase.\necho \"SUCCESS\" > \"${SCRIPT_OUTPUT_FILE_0}\"\n";
			showEnvVarsInLog = 0;
		};
		CD5B694137C75ED1DB46410B /* [CP] Copy Pods Resources */ = {
			isa = PBXShellScriptBuildPhase;
			buildActionMask = 2147483647;
			files = (
			);
			inputFileListPaths = (
				"${PODS_ROOT}/Target Support Files/Pods-SevTour/Pods-SevTour-resources-${CONFIGURATION}-input-files.xcfilelist",
			);
			name = "[CP] Copy Pods Resources";
			outputFileListPaths = (
				"${PODS_ROOT}/Target Support Files/Pods-SevTour/Pods-SevTour-resources-${CONFIGURATION}-output-files.xcfilelist",
			);
			runOnlyForDeploymentPostprocessing = 0;
			shellPath = /bin/sh;
			shellScript = "\"${PODS_ROOT}/Target Support Files/Pods-SevTour/Pods-SevTour-resources.sh\"\n";
			showEnvVarsInLog = 0;
		};
/* End PBXShellScriptBuildPhase section */

/* Begin PBXSourcesBuildPhase section */
		85F3A96B239EBE49006FE8EB /* Sources */ = {
			isa = PBXSourcesBuildPhase;
			buildActionMask = 2147483647;
			files = (
				857E91C223A2A8DB00D49904 /* Turf.swift in Sources */,
				857E91D523A2A9F900D49904 /* SceneLocationView.swift in Sources */,
				857E91D323A2A9EC00D49904 /* CLLocation+Extensions.swift in Sources */,
				857E91D923A2AA2300D49904 /* SCNNode+Extensions.swift in Sources */,
				857E91C923A2A98F00D49904 /* SceneLocationEstimate.swift in Sources */,
				857E91E123A2B4D400D49904 /* AmpelPilot_2812rg.mlmodel in Sources */,
				857E91D723A2AA1100D49904 /* LocationManager.swift in Sources */,
				8573A49B23A13B2D00F69499 /* FoursquareNetworkService.swift in Sources */,
				857E91BF23A2A89100D49904 /* Helpers.swift in Sources */,
				85FF02A023A0EA8A00AB5293 /* TourVC.swift in Sources */,
				857E91B923A2A84300D49904 /* YOLO.swift in Sources */,
				857E91DF23A2AE8600D49904 /* DetectionViewController.swift in Sources */,
				85F3A97D239EBE49006FE8EB /* SevTour.xcdatamodeld in Sources */,
				8573A49F23A1702400F69499 /* Venue.swift in Sources */,
				857E91CD23A2A9AB00D49904 /* FloatingPoint+Radians.swift in Sources */,
				857E91AD23A2902700D49904 /* Extensions+UIView.swift in Sources */,
				857E91DD23A2AE7100D49904 /* ARViewController.swift in Sources */,
				857E91CB23A2A99D00D49904 /* SceneLocationEstimate+Extensions.swift in Sources */,
				857E91E323A2B56000D49904 /* MapProtocol.swift in Sources */,
				85F3A99C239EBFC3006FE8EB /* MapVC.swift in Sources */,
				8573A49D23A13B5000F69499 /* FoursquareDataFetcher.swift in Sources */,
				85F3A99E239EBFD7006FE8EB /* CameraVC.swift in Sources */,
				8573A4A323A171A600F69499 /* Category.swift in Sources */,
				8573A4A123A1711A00F69499 /* Location.swift in Sources */,
				85F3A998239EBF2B006FE8EB /* MainTabBarController.swift in Sources */,
				85F3A9A6239EC0FC006FE8EB /* AboutCityVC.swift in Sources */,
				857E91C423A2A90000D49904 /* Extensions+CoreLocation.swift in Sources */,
				8573A49823A101B000F69499 /* Extensions+UIViewController.swift in Sources */,
				85F3A9AA239F8287006FE8EB /* ListVC.swift in Sources */,
				857E91BD23A2A87C00D49904 /* BoundingBox.swift in Sources */,
				857E91C723A2A97C00D49904 /* SCNVector3+Extensions.swift in Sources */,
				857E91D123A2A9CF00D49904 /* CGPoint+Extensions.swift in Sources */,
				85F3A973239EBE49006FE8EB /* AppDelegate.swift in Sources */,
				857E91CF23A2A9BC00D49904 /* LocationNode.swift in Sources */,
				857E91BB23A2A85F00D49904 /* VideoCapture.swift in Sources */,
				857E91DB23A2AE4400D49904 /* SearchTableViewController.swift in Sources */,
				85F3A9A8239EC10F006FE8EB /* FavouritesVC.swift in Sources */,
				85F3A975239EBE49006FE8EB /* SceneDelegate.swift in Sources */,
			);
			runOnlyForDeploymentPostprocessing = 0;
		};
		85F3A984239EBE4B006FE8EB /* Sources */ = {
			isa = PBXSourcesBuildPhase;
			buildActionMask = 2147483647;
			files = (
				85F3A98D239EBE4B006FE8EB /* SevTourTests.swift in Sources */,
			);
			runOnlyForDeploymentPostprocessing = 0;
		};
/* End PBXSourcesBuildPhase section */

/* Begin PBXTargetDependency section */
		85F3A98A239EBE4B006FE8EB /* PBXTargetDependency */ = {
			isa = PBXTargetDependency;
			target = 85F3A96E239EBE49006FE8EB /* SevTour */;
			targetProxy = 85F3A989239EBE4B006FE8EB /* PBXContainerItemProxy */;
		};
/* End PBXTargetDependency section */

/* Begin PBXVariantGroup section */
		85F3A980239EBE4B006FE8EB /* LaunchScreen.storyboard */ = {
			isa = PBXVariantGroup;
			children = (
				85F3A981239EBE4B006FE8EB /* Base */,
			);
			name = LaunchScreen.storyboard;
			sourceTree = "<group>";
		};
/* End PBXVariantGroup section */

/* Begin XCBuildConfiguration section */
		85F3A98F239EBE4B006FE8EB /* Debug */ = {
			isa = XCBuildConfiguration;
			buildSettings = {
				ALWAYS_SEARCH_USER_PATHS = NO;
				CLANG_ANALYZER_NONNULL = YES;
				CLANG_ANALYZER_NUMBER_OBJECT_CONVERSION = YES_AGGRESSIVE;
				CLANG_CXX_LANGUAGE_STANDARD = "gnu++14";
				CLANG_CXX_LIBRARY = "libc++";
				CLANG_ENABLE_MODULES = YES;
				CLANG_ENABLE_OBJC_ARC = YES;
				CLANG_ENABLE_OBJC_WEAK = YES;
				CLANG_WARN_BLOCK_CAPTURE_AUTORELEASING = YES;
				CLANG_WARN_BOOL_CONVERSION = YES;
				CLANG_WARN_COMMA = YES;
				CLANG_WARN_CONSTANT_CONVERSION = YES;
				CLANG_WARN_DEPRECATED_OBJC_IMPLEMENTATIONS = YES;
				CLANG_WARN_DIRECT_OBJC_ISA_USAGE = YES_ERROR;
				CLANG_WARN_DOCUMENTATION_COMMENTS = YES;
				CLANG_WARN_EMPTY_BODY = YES;
				CLANG_WARN_ENUM_CONVERSION = YES;
				CLANG_WARN_INFINITE_RECURSION = YES;
				CLANG_WARN_INT_CONVERSION = YES;
				CLANG_WARN_NON_LITERAL_NULL_CONVERSION = YES;
				CLANG_WARN_OBJC_IMPLICIT_RETAIN_SELF = YES;
				CLANG_WARN_OBJC_LITERAL_CONVERSION = YES;
				CLANG_WARN_OBJC_ROOT_CLASS = YES_ERROR;
				CLANG_WARN_RANGE_LOOP_ANALYSIS = YES;
				CLANG_WARN_STRICT_PROTOTYPES = YES;
				CLANG_WARN_SUSPICIOUS_MOVE = YES;
				CLANG_WARN_UNGUARDED_AVAILABILITY = YES_AGGRESSIVE;
				CLANG_WARN_UNREACHABLE_CODE = YES;
				CLANG_WARN__DUPLICATE_METHOD_MATCH = YES;
				COPY_PHASE_STRIP = NO;
				DEBUG_INFORMATION_FORMAT = dwarf;
				ENABLE_STRICT_OBJC_MSGSEND = YES;
				ENABLE_TESTABILITY = YES;
				GCC_C_LANGUAGE_STANDARD = gnu11;
				GCC_DYNAMIC_NO_PIC = NO;
				GCC_NO_COMMON_BLOCKS = YES;
				GCC_OPTIMIZATION_LEVEL = 0;
				GCC_PREPROCESSOR_DEFINITIONS = (
					"DEBUG=1",
					"$(inherited)",
				);
				GCC_WARN_64_TO_32_BIT_CONVERSION = YES;
				GCC_WARN_ABOUT_RETURN_TYPE = YES_ERROR;
				GCC_WARN_UNDECLARED_SELECTOR = YES;
				GCC_WARN_UNINITIALIZED_AUTOS = YES_AGGRESSIVE;
				GCC_WARN_UNUSED_FUNCTION = YES;
				GCC_WARN_UNUSED_VARIABLE = YES;
				IPHONEOS_DEPLOYMENT_TARGET = 13.2;
				MTL_ENABLE_DEBUG_INFO = INCLUDE_SOURCE;
				MTL_FAST_MATH = YES;
				ONLY_ACTIVE_ARCH = YES;
				SDKROOT = iphoneos;
				SWIFT_ACTIVE_COMPILATION_CONDITIONS = DEBUG;
				SWIFT_OPTIMIZATION_LEVEL = "-Onone";
			};
			name = Debug;
		};
		85F3A990239EBE4B006FE8EB /* Release */ = {
			isa = XCBuildConfiguration;
			buildSettings = {
				ALWAYS_SEARCH_USER_PATHS = NO;
				CLANG_ANALYZER_NONNULL = YES;
				CLANG_ANALYZER_NUMBER_OBJECT_CONVERSION = YES_AGGRESSIVE;
				CLANG_CXX_LANGUAGE_STANDARD = "gnu++14";
				CLANG_CXX_LIBRARY = "libc++";
				CLANG_ENABLE_MODULES = YES;
				CLANG_ENABLE_OBJC_ARC = YES;
				CLANG_ENABLE_OBJC_WEAK = YES;
				CLANG_WARN_BLOCK_CAPTURE_AUTORELEASING = YES;
				CLANG_WARN_BOOL_CONVERSION = YES;
				CLANG_WARN_COMMA = YES;
				CLANG_WARN_CONSTANT_CONVERSION = YES;
				CLANG_WARN_DEPRECATED_OBJC_IMPLEMENTATIONS = YES;
				CLANG_WARN_DIRECT_OBJC_ISA_USAGE = YES_ERROR;
				CLANG_WARN_DOCUMENTATION_COMMENTS = YES;
				CLANG_WARN_EMPTY_BODY = YES;
				CLANG_WARN_ENUM_CONVERSION = YES;
				CLANG_WARN_INFINITE_RECURSION = YES;
				CLANG_WARN_INT_CONVERSION = YES;
				CLANG_WARN_NON_LITERAL_NULL_CONVERSION = YES;
				CLANG_WARN_OBJC_IMPLICIT_RETAIN_SELF = YES;
				CLANG_WARN_OBJC_LITERAL_CONVERSION = YES;
				CLANG_WARN_OBJC_ROOT_CLASS = YES_ERROR;
				CLANG_WARN_RANGE_LOOP_ANALYSIS = YES;
				CLANG_WARN_STRICT_PROTOTYPES = YES;
				CLANG_WARN_SUSPICIOUS_MOVE = YES;
				CLANG_WARN_UNGUARDED_AVAILABILITY = YES_AGGRESSIVE;
				CLANG_WARN_UNREACHABLE_CODE = YES;
				CLANG_WARN__DUPLICATE_METHOD_MATCH = YES;
				COPY_PHASE_STRIP = NO;
				DEBUG_INFORMATION_FORMAT = "dwarf-with-dsym";
				ENABLE_NS_ASSERTIONS = NO;
				ENABLE_STRICT_OBJC_MSGSEND = YES;
				GCC_C_LANGUAGE_STANDARD = gnu11;
				GCC_NO_COMMON_BLOCKS = YES;
				GCC_WARN_64_TO_32_BIT_CONVERSION = YES;
				GCC_WARN_ABOUT_RETURN_TYPE = YES_ERROR;
				GCC_WARN_UNDECLARED_SELECTOR = YES;
				GCC_WARN_UNINITIALIZED_AUTOS = YES_AGGRESSIVE;
				GCC_WARN_UNUSED_FUNCTION = YES;
				GCC_WARN_UNUSED_VARIABLE = YES;
				IPHONEOS_DEPLOYMENT_TARGET = 13.2;
				MTL_ENABLE_DEBUG_INFO = NO;
				MTL_FAST_MATH = YES;
				SDKROOT = iphoneos;
				SWIFT_COMPILATION_MODE = wholemodule;
				SWIFT_OPTIMIZATION_LEVEL = "-O";
				VALIDATE_PRODUCT = YES;
			};
			name = Release;
		};
		85F3A992239EBE4B006FE8EB /* Debug */ = {
			isa = XCBuildConfiguration;
			baseConfigurationReference = C8D1CEB216C52A99A3FA2260 /* Pods-SevTour.debug.xcconfig */;
			buildSettings = {
				ASSETCATALOG_COMPILER_APPICON_NAME = AppIcon;
				CODE_SIGN_STYLE = Automatic;
				DEVELOPMENT_TEAM = 523XWQ22UQ;
				INFOPLIST_FILE = SevTour/Resources/Info.plist;
				LD_RUNPATH_SEARCH_PATHS = (
					"$(inherited)",
					"@executable_path/Frameworks",
				);
				PRODUCT_BUNDLE_IDENTIFIER = st.com.SevTour;
				PRODUCT_NAME = "$(TARGET_NAME)";
				SWIFT_VERSION = 5.0;
				TARGETED_DEVICE_FAMILY = "1,2";
			};
			name = Debug;
		};
		85F3A993239EBE4B006FE8EB /* Release */ = {
			isa = XCBuildConfiguration;
			baseConfigurationReference = AEAC68E1386D8BC788C41749 /* Pods-SevTour.release.xcconfig */;
			buildSettings = {
				ASSETCATALOG_COMPILER_APPICON_NAME = AppIcon;
				CODE_SIGN_STYLE = Automatic;
				DEVELOPMENT_TEAM = 523XWQ22UQ;
				INFOPLIST_FILE = SevTour/Resources/Info.plist;
				LD_RUNPATH_SEARCH_PATHS = (
					"$(inherited)",
					"@executable_path/Frameworks",
				);
				PRODUCT_BUNDLE_IDENTIFIER = st.com.SevTour;
				PRODUCT_NAME = "$(TARGET_NAME)";
				SWIFT_VERSION = 5.0;
				TARGETED_DEVICE_FAMILY = "1,2";
			};
			name = Release;
		};
		85F3A995239EBE4B006FE8EB /* Debug */ = {
			isa = XCBuildConfiguration;
			baseConfigurationReference = 5C260C7C0BF363020D186246 /* Pods-SevTourTests.debug.xcconfig */;
			buildSettings = {
				ALWAYS_EMBED_SWIFT_STANDARD_LIBRARIES = YES;
				BUNDLE_LOADER = "$(TEST_HOST)";
				CODE_SIGN_STYLE = Automatic;
				DEVELOPMENT_TEAM = 523XWQ22UQ;
				INFOPLIST_FILE = SevTourTests/Info.plist;
				IPHONEOS_DEPLOYMENT_TARGET = 13.2;
				LD_RUNPATH_SEARCH_PATHS = (
					"$(inherited)",
					"@executable_path/Frameworks",
					"@loader_path/Frameworks",
				);
				PRODUCT_BUNDLE_IDENTIFIER = st.com.SevTourTests;
				PRODUCT_NAME = "$(TARGET_NAME)";
				SWIFT_VERSION = 5.0;
				TARGETED_DEVICE_FAMILY = "1,2";
				TEST_HOST = "$(BUILT_PRODUCTS_DIR)/SevTour.app/SevTour";
			};
			name = Debug;
		};
		85F3A996239EBE4B006FE8EB /* Release */ = {
			isa = XCBuildConfiguration;
			baseConfigurationReference = 47F9D3B376DBAC9824AF5A74 /* Pods-SevTourTests.release.xcconfig */;
			buildSettings = {
				ALWAYS_EMBED_SWIFT_STANDARD_LIBRARIES = YES;
				BUNDLE_LOADER = "$(TEST_HOST)";
				CODE_SIGN_STYLE = Automatic;
				DEVELOPMENT_TEAM = 523XWQ22UQ;
				INFOPLIST_FILE = SevTourTests/Info.plist;
				IPHONEOS_DEPLOYMENT_TARGET = 13.2;
				LD_RUNPATH_SEARCH_PATHS = (
					"$(inherited)",
					"@executable_path/Frameworks",
					"@loader_path/Frameworks",
				);
				PRODUCT_BUNDLE_IDENTIFIER = st.com.SevTourTests;
				PRODUCT_NAME = "$(TARGET_NAME)";
				SWIFT_VERSION = 5.0;
				TARGETED_DEVICE_FAMILY = "1,2";
				TEST_HOST = "$(BUILT_PRODUCTS_DIR)/SevTour.app/SevTour";
			};
			name = Release;
		};
/* End XCBuildConfiguration section */

/* Begin XCConfigurationList section */
		85F3A96A239EBE49006FE8EB /* Build configuration list for PBXProject "SevTour" */ = {
			isa = XCConfigurationList;
			buildConfigurations = (
				85F3A98F239EBE4B006FE8EB /* Debug */,
				85F3A990239EBE4B006FE8EB /* Release */,
			);
			defaultConfigurationIsVisible = 0;
			defaultConfigurationName = Release;
		};
		85F3A991239EBE4B006FE8EB /* Build configuration list for PBXNativeTarget "SevTour" */ = {
			isa = XCConfigurationList;
			buildConfigurations = (
				85F3A992239EBE4B006FE8EB /* Debug */,
				85F3A993239EBE4B006FE8EB /* Release */,
			);
			defaultConfigurationIsVisible = 0;
			defaultConfigurationName = Release;
		};
		85F3A994239EBE4B006FE8EB /* Build configuration list for PBXNativeTarget "SevTourTests" */ = {
			isa = XCConfigurationList;
			buildConfigurations = (
				85F3A995239EBE4B006FE8EB /* Debug */,
				85F3A996239EBE4B006FE8EB /* Release */,
			);
			defaultConfigurationIsVisible = 0;
			defaultConfigurationName = Release;
		};
/* End XCConfigurationList section */

/* Begin XCVersionGroup section */
		85F3A97B239EBE49006FE8EB /* SevTour.xcdatamodeld */ = {
			isa = XCVersionGroup;
			children = (
				85F3A97C239EBE49006FE8EB /* SevTour.xcdatamodel */,
			);
			currentVersion = 85F3A97C239EBE49006FE8EB /* SevTour.xcdatamodel */;
			path = SevTour.xcdatamodeld;
			sourceTree = "<group>";
			versionGroupType = wrapper.xcdatamodel;
		};
/* End XCVersionGroup section */
	};
	rootObject = 85F3A967239EBE49006FE8EB /* Project object */;
}
